
Microsoft Visual Studio Solution File, Format Version 12.00
# Visual Studio Version 16
VisualStudioVersion = 16.0.29424.173
MinimumVisualStudioVersion = 10.0.40219.1
Project("{FAE04EC0-301F-11D3-BF4B-00C04F79EFBC}") = "SofTechCore21MVC", "SofTechCore21MVC\SofTechCore21MVC.csproj", "{F360F7A8-260A-4FFD-A76A-ABBC8A1E6AEC}"
EndProject
Global
	GlobalSection(SolutionConfigurationPlatforms) = preSolution
		Debug|Any CPU = Debug|Any CPU
		Release|Any CPU = Release|Any CPU
	EndGlobalSection
	GlobalSection(ProjectConfigurationPlatforms) = postSolution
		{F360F7A8-260A-4FFD-A76A-ABBC8A1E6AEC}.Debug|Any CPU.ActiveCfg = Debug|Any CPU
		{F360F7A8-260A-4FFD-A76A-ABBC8A1E6AEC}.Debug|Any CPU.Build.0 = Debug|Any CPU
		{F360F7A8-260A-4FFD-A76A-ABBC8A1E6AEC}.Release|Any CPU.ActiveCfg = Release|Any CPU
		{F360F7A8-260A-4FFD-A76A-ABBC8A1E6AEC}.Release|Any CPU.Build.0 = Release|Any CPU
	EndGlobalSection
	GlobalSection(SolutionProperties) = preSolution
		HideSolutionNode = FALSE
	EndGlobalSection
	GlobalSection(ExtensibilityGlobals) = postSolution
		SolutionGuid = {725A14A7-E011-4A55-9FD4-A99725C43CAD}
	EndGlobalSection
EndGlobal
